Microsoft Visual Studio Solution File, Format Version 9.00
# Visual Studio 2005
Project("{FAE04EC0-301F-11D3-BF4B-00C04F79EFBC}") = "Q242361", "Q242361\Q242361.csproj", "{94015511-6D9C-4FAE-B5DB-0D18DF4077F1}"
	ProjectSection(WebsiteProperties) = preProject
		Debug.AspNetCompiler.Debug = "True"
		Release.AspNetCompiler.Debug = "False"
	EndProjectSection
EndProject
Global
	GlobalSection(SolutionConfigurationPlatforms) = preSolution
		Debug|Any CPU = Debug|Any CPU
		Release|Any CPU = Release|Any CPU
	EndGlobalSection
	GlobalSection(ProjectConfigurationPlatforms) = postSolution
		{94015511-6D9C-4FAE-B5DB-0D18DF4077F1}.Debug|Any CPU.ActiveCfg = Debug|Any CPU
		{94015511-6D9C-4FAE-B5DB-0D18DF4077F1}.Debug|Any CPU.Build.0 = Debug|Any CPU
		{94015511-6D9C-4FAE-B5DB-0D18DF4077F1}.Release|Any CPU.ActiveCfg = Release|Any CPU
		{94015511-6D9C-4FAE-B5DB-0D18DF4077F1}.Release|Any CPU.Build.0 = Release|Any CPU
	EndGlobalSection
	GlobalSection(SolutionProperties) = preSolution
		HideSolutionNode = FALSE
	EndGlobalSection
EndGlobal
